
Microsoft Visual Studio Solution File, Format Version 12.00
# Visual Studio 15
VisualStudioVersion = 15.0.28307.421
MinimumVisualStudioVersion = 10.0.40219.1
Project("{FAE04EC0-301F-11D3-BF4B-00C04F79EFBC}") = "QuizApplication", "QuizApplication\QuizApplication.csproj", "{C89428AF-5488-4E11-997C-17F852FE5982}"
EndProject
Global
	GlobalSection(SolutionConfigurationPlatforms) = preSolution
		Debug|Any CPU = Debug|Any CPU
		Release|Any CPU = Release|Any CPU
	EndGlobalSection
	GlobalSection(ProjectConfigurationPlatforms) = postSolution
		{C89428AF-5488-4E11-997C-17F852FE5982}.Debug|Any CPU.ActiveCfg = Debug|Any CPU
		{C89428AF-5488-4E11-997C-17F852FE5982}.Debug|Any CPU.Build.0 = Debug|Any CPU
		{C89428AF-5488-4E11-997C-17F852FE5982}.Release|Any CPU.ActiveCfg = Release|Any CPU
		{C89428AF-5488-4E11-997C-17F852FE5982}.Release|Any CPU.Build.0 = Release|Any CPU
	EndGlobalSection
	GlobalSection(SolutionProperties) = preSolution
		HideSolutionNode = FALSE
	EndGlobalSection
	GlobalSection(ExtensibilityGlobals) = postSolution
		SolutionGuid = {9BAAAA7C-73F7-4511-AE5F-B3F2C4CF171A}
	EndGlobalSection
EndGlobal
